
Microsoft Visual Studio Solution File, Format Version 12.00
# Visual Studio Version 17
VisualStudioVersion = 17.1.32421.90
MinimumVisualStudioVersion = 10.0.40219.1
Project("{FAE04EC0-301F-11D3-BF4B-00C04F79EFBC}") = "WersjaDruga", "WersjaDruga\WersjaDruga.csproj", "{4FDB11AE-5B78-4EB8-AAE6-A512628F7A2F}"
EndProject
Global
	GlobalSection(SolutionConfigurationPlatforms) = preSolution
		Debug|Any CPU = Debug|Any CPU
		Release|Any CPU = Release|Any CPU
	EndGlobalSection
	GlobalSection(ProjectConfigurationPlatforms) = postSolution
		{4FDB11AE-5B78-4EB8-AAE6-A512628F7A2F}.Debug|Any CPU.ActiveCfg = Debug|Any CPU
		{4FDB11AE-5B78-4EB8-AAE6-A512628F7A2F}.Debug|Any CPU.Build.0 = Debug|Any CPU
		{4FDB11AE-5B78-4EB8-AAE6-A512628F7A2F}.Release|Any CPU.ActiveCfg = Release|Any CPU
		{4FDB11AE-5B78-4EB8-AAE6-A512628F7A2F}.Release|Any CPU.Build.0 = Release|Any CPU
	EndGlobalSection
	GlobalSection(SolutionProperties) = preSolution
		HideSolutionNode = FALSE
	EndGlobalSection
	GlobalSection(ExtensibilityGlobals) = postSolution
		SolutionGuid = {D2544BDD-7C84-45F0-8E62-B5ED2F5CF8C2}
	EndGlobalSection
EndGlobal
